
Microsoft Visual Studio Solution File, Format Version 12.00
# Visual Studio Version 16
VisualStudioVersion = 16.0.32802.440
MinimumVisualStudioVersion = 10.0.40219.1
Project("{2150E333-8FDC-42A3-9474-1A3956D46DE8}") = "src", "src", "{0F9B2091-4809-42E6-8156-98551E27C039}"
EndProject
Project("{2150E333-8FDC-42A3-9474-1A3956D46DE8}") = "tests", "tests", "{9D206EDE-148D-4AE7-8779-901F31FFC22C}"
EndProject
Project("{2150E333-8FDC-42A3-9474-1A3956D46DE8}") = "corePackages", "corePackages", "{41709EB1-036F-4F0E-AA91-5B333E0401F8}"
EndProject
Project("{9A19103F-16F7-4668-BE54-9A1E7A4F7556}") = "Core.Application", "src\corePackages\Core.Application\Core.Application.csproj", "{3B2383CF-3389-48A6-B531-45E48ACDE9E9}"
EndProject
Project("{9A19103F-16F7-4668-BE54-9A1E7A4F7556}") = "Core.CrossCuttingConcers", "src\corePackages\Core.CrossCuttingConcers\Core.CrossCuttingConcers.csproj", "{45AA0FE6-A815-422E-B7F3-A879FD5B95A0}"
EndProject
Project("{9A19103F-16F7-4668-BE54-9A1E7A4F7556}") = "Core.Security", "src\corePackages\Core.Security\Core.Security.csproj", "{F1256324-73D3-43C7-BFE1-E7F582172D09}"
EndProject
Project("{9A19103F-16F7-4668-BE54-9A1E7A4F7556}") = "Core.Persistence", "src\corePackages\Core.Persistence\Core.Persistence.csproj", "{20512925-AA83-4161-B7D1-979465E76D33}"
EndProject
Project("{9A19103F-16F7-4668-BE54-9A1E7A4F7556}") = "Core.Mailing", "src\corePackages\Core.Mailing\Core.Mailing.csproj", "{B6ED726A-B861-450C-BF58-C03B4C479D9F}"
EndProject
Project("{9A19103F-16F7-4668-BE54-9A1E7A4F7556}") = "Core.ElasticSearch", "src\corePackages\Core.ElasticSearch\Core.ElasticSearch.csproj", "{9A6ED97D-B658-4269-AF31-DB8C59848EED}"
EndProject
Project("{2150E333-8FDC-42A3-9474-1A3956D46DE8}") = "rentACar", "rentACar", "{C700AEC1-5619-4F65-99E3-F3AC23D5D646}"
EndProject
Project("{2150E333-8FDC-42A3-9474-1A3956D46DE8}") = "demoProjects", "demoProjects", "{DDB843B6-8F01-4AE3-9A51-CD7A0D70D48D}"
EndProject
Project("{FAE04EC0-301F-11D3-BF4B-00C04F79EFBC}") = "Application", "src\demoProjects\rentACar\Application\Application.csproj", "{48658344-91F4-4E20-A544-D1260DE045C2}"
EndProject
Project("{FAE04EC0-301F-11D3-BF4B-00C04F79EFBC}") = "Domain", "src\demoProjects\rentACar\Domain\Domain.csproj", "{2ABAC9F0-03AB-4DD3-99E1-2674ABB72025}"
EndProject
Project("{FAE04EC0-301F-11D3-BF4B-00C04F79EFBC}") = "Infrastructure", "src\demoProjects\rentACar\Infrastructure\Infrastructure.csproj", "{472FECA4-E8BF-4686-B13C-15DD998BDF1E}"
EndProject
Project("{FAE04EC0-301F-11D3-BF4B-00C04F79EFBC}") = "Persistence", "src\demoProjects\rentACar\Persistence\Persistence.csproj", "{56A071DE-E93D-4224-BFA3-3966FEDBE84C}"
EndProject
Project("{FAE04EC0-301F-11D3-BF4B-00C04F79EFBC}") = "WebAPI", "src\demoProjects\rentACar\WebAPI\WebAPI.csproj", "{C2CC13DA-A32F-4C4E-9E49-A21A5D557152}"
EndProject
Global
	GlobalSection(SolutionConfigurationPlatforms) = preSolution
		Debug|Any CPU = Debug|Any CPU
		Release|Any CPU = Release|Any CPU
	EndGlobalSection
	GlobalSection(ProjectConfigurationPlatforms) = postSolution
		{3B2383CF-3389-48A6-B531-45E48ACDE9E9}.Debug|Any CPU.ActiveCfg = Debug|Any CPU
		{3B2383CF-3389-48A6-B531-45E48ACDE9E9}.Debug|Any CPU.Build.0 = Debug|Any CPU
		{3B2383CF-3389-48A6-B531-45E48ACDE9E9}.Release|Any CPU.ActiveCfg = Release|Any CPU
		{3B2383CF-3389-48A6-B531-45E48ACDE9E9}.Release|Any CPU.Build.0 = Release|Any CPU
		{45AA0FE6-A815-422E-B7F3-A879FD5B95A0}.Debug|Any CPU.ActiveCfg = Debug|Any CPU
		{45AA0FE6-A815-422E-B7F3-A879FD5B95A0}.Debug|Any CPU.Build.0 = Debug|Any CPU
		{45AA0FE6-A815-422E-B7F3-A879FD5B95A0}.Release|Any CPU.ActiveCfg = Release|Any CPU
		{45AA0FE6-A815-422E-B7F3-A879FD5B95A0}.Release|Any CPU.Build.0 = Release|Any CPU
		{F1256324-73D3-43C7-BFE1-E7F582172D09}.Debug|Any CPU.ActiveCfg = Debug|Any CPU
		{F1256324-73D3-43C7-BFE1-E7F582172D09}.Debug|Any CPU.Build.0 = Debug|Any CPU
		{F1256324-73D3-43C7-BFE1-E7F582172D09}.Release|Any CPU.ActiveCfg = Release|Any CPU
		{F1256324-73D3-43C7-BFE1-E7F582172D09}.Release|Any CPU.Build.0 = Release|Any CPU
		{20512925-AA83-4161-B7D1-979465E76D33}.Debug|Any CPU.ActiveCfg = Debug|Any CPU
		{20512925-AA83-4161-B7D1-979465E76D33}.Debug|Any CPU.Build.0 = Debug|Any CPU
		{20512925-AA83-4161-B7D1-979465E76D33}.Release|Any CPU.ActiveCfg = Release|Any CPU
		{20512925-AA83-4161-B7D1-979465E76D33}.Release|Any CPU.Build.0 = Release|Any CPU
		{B6ED726A-B861-450C-BF58-C03B4C479D9F}.Debug|Any CPU.ActiveCfg = Debug|Any CPU
		{B6ED726A-B861-450C-BF58-C03B4C479D9F}.Debug|Any CPU.Build.0 = Debug|Any CPU
		{B6ED726A-B861-450C-BF58-C03B4C479D9F}.Release|Any CPU.ActiveCfg = Release|Any CPU
		{B6ED726A-B861-450C-BF58-C03B4C479D9F}.Release|Any CPU.Build.0 = Release|Any CPU
		{9A6ED97D-B658-4269-AF31-DB8C59848EED}.Debug|Any CPU.ActiveCfg = Debug|Any CPU
		{9A6ED97D-B658-4269-AF31-DB8C59848EED}.Debug|Any CPU.Build.0 = Debug|Any CPU
		{9A6ED97D-B658-4269-AF31-DB8C59848EED}.Release|Any CPU.ActiveCfg = Release|Any CPU
		{9A6ED97D-B658-4269-AF31-DB8C59848EED}.Release|Any CPU.Build.0 = Release|Any CPU
		{48658344-91F4-4E20-A544-D1260DE045C2}.Debug|Any CPU.ActiveCfg = Debug|Any CPU
		{48658344-91F4-4E20-A544-D1260DE045C2}.Debug|Any CPU.Build.0 = Debug|Any CPU
		{48658344-91F4-4E20-A544-D1260DE045C2}.Release|Any CPU.ActiveCfg = Release|Any CPU
		{48658344-91F4-4E20-A544-D1260DE045C2}.Release|Any CPU.Build.0 = Release|Any CPU
		{2ABAC9F0-03AB-4DD3-99E1-2674ABB72025}.Debug|Any CPU.ActiveCfg = Debug|Any CPU
		{2ABAC9F0-03AB-4DD3-99E1-2674ABB72025}.Debug|Any CPU.Build.0 = Debug|Any CPU
		{2ABAC9F0-03AB-4DD3-99E1-2674ABB72025}.Release|Any CPU.ActiveCfg = Release|Any CPU
		{2ABAC9F0-03AB-4DD3-99E1-2674ABB72025}.Release|Any CPU.Build.0 = Release|Any CPU
		{472FECA4-E8BF-4686-B13C-15DD998BDF1E}.Debug|Any CPU.ActiveCfg = Debug|Any CPU
		{472FECA4-E8BF-4686-B13C-15DD998BDF1E}.Debug|Any CPU.Build.0 = Debug|Any CPU
		{472FECA4-E8BF-4686-B13C-15DD998BDF1E}.Release|Any CPU.ActiveCfg = Release|Any CPU
		{472FECA4-E8BF-4686-B13C-15DD998BDF1E}.Release|Any CPU.Build.0 = Release|Any CPU
		{56A071DE-E93D-4224-BFA3-3966FEDBE84C}.Debug|Any CPU.ActiveCfg = Debug|Any CPU
		{56A071DE-E93D-4224-BFA3-3966FEDBE84C}.Debug|Any CPU.Build.0 = Debug|Any CPU
		{56A071DE-E93D-4224-BFA3-3966FEDBE84C}.Release|Any CPU.ActiveCfg = Release|Any CPU
		{56A071DE-E93D-4224-BFA3-3966FEDBE84C}.Release|Any CPU.Build.0 = Release|Any CPU
		{C2CC13DA-A32F-4C4E-9E49-A21A5D557152}.Debug|Any CPU.ActiveCfg = Debug|Any CPU
		{C2CC13DA-A32F-4C4E-9E49-A21A5D557152}.Debug|Any CPU.Build.0 = Debug|Any CPU
		{C2CC13DA-A32F-4C4E-9E49-A21A5D557152}.Release|Any CPU.ActiveCfg = Release|Any CPU
		{C2CC13DA-A32F-4C4E-9E49-A21A5D557152}.Release|Any CPU.Build.0 = Release|Any CPU
	EndGlobalSection
	GlobalSection(SolutionProperties) = preSolution
		HideSolutionNode = FALSE
	EndGlobalSection
	GlobalSection(NestedProjects) = preSolution
		{41709EB1-036F-4F0E-AA91-5B333E0401F8} = {0F9B2091-4809-42E6-8156-98551E27C039}
		{3B2383CF-3389-48A6-B531-45E48ACDE9E9} = {41709EB1-036F-4F0E-AA91-5B333E0401F8}
		{45AA0FE6-A815-422E-B7F3-A879FD5B95A0} = {41709EB1-036F-4F0E-AA91-5B333E0401F8}
		{F1256324-73D3-43C7-BFE1-E7F582172D09} = {41709EB1-036F-4F0E-AA91-5B333E0401F8}
		{20512925-AA83-4161-B7D1-979465E76D33} = {41709EB1-036F-4F0E-AA91-5B333E0401F8}
		{B6ED726A-B861-450C-BF58-C03B4C479D9F} = {41709EB1-036F-4F0E-AA91-5B333E0401F8}
		{9A6ED97D-B658-4269-AF31-DB8C59848EED} = {41709EB1-036F-4F0E-AA91-5B333E0401F8}
		{C700AEC1-5619-4F65-99E3-F3AC23D5D646} = {DDB843B6-8F01-4AE3-9A51-CD7A0D70D48D}
		{DDB843B6-8F01-4AE3-9A51-CD7A0D70D48D} = {0F9B2091-4809-42E6-8156-98551E27C039}
		{48658344-91F4-4E20-A544-D1260DE045C2} = {C700AEC1-5619-4F65-99E3-F3AC23D5D646}
		{2ABAC9F0-03AB-4DD3-99E1-2674ABB72025} = {C700AEC1-5619-4F65-99E3-F3AC23D5D646}
		{472FECA4-E8BF-4686-B13C-15DD998BDF1E} = {C700AEC1-5619-4F65-99E3-F3AC23D5D646}
		{56A071DE-E93D-4224-BFA3-3966FEDBE84C} = {C700AEC1-5619-4F65-99E3-F3AC23D5D646}
		{C2CC13DA-A32F-4C4E-9E49-A21A5D557152} = {C700AEC1-5619-4F65-99E3-F3AC23D5D646}
	EndGlobalSection
	GlobalSection(ExtensibilityGlobals) = postSolution
		SolutionGuid = {D09E2C02-B88E-4791-813B-C6D6CBAF6E89}
	EndGlobalSection
EndGlobal
